
Microsoft Visual Studio Solution File, Format Version 12.00
# Visual Studio Version 17
VisualStudioVersion = 17.11.35327.3
MinimumVisualStudioVersion = 10.0.40219.1
Project("{8BC9CEB8-8B4A-11D0-8D11-00A0C91BC942}") = "NTR_firmware_v1", "NTR_firmware_v1\NTR_firmware_v1.vcxproj", "{53B186EC-90F6-4EF5-808F-3E585A6D5269}"
EndProject
Global
	GlobalSection(SolutionConfigurationPlatforms) = preSolution
		Debug|ARM = Debug|ARM
		Debug|ARM64 = Debug|ARM64
		Debug|x64 = Debug|x64
		Debug|x86 = Debug|x86
		Release|ARM = Release|ARM
		Release|ARM64 = Release|ARM64
		Release|x64 = Release|x64
		Release|x86 = Release|x86
	EndGlobalSection
	GlobalSection(ProjectConfigurationPlatforms) = postSolution
		{53B186EC-90F6-4EF5-808F-3E585A6D5269}.Debug|ARM.ActiveCfg = Debug|ARM
		{53B186EC-90F6-4EF5-808F-3E585A6D5269}.Debug|ARM.Build.0 = Debug|ARM
		{53B186EC-90F6-4EF5-808F-3E585A6D5269}.Debug|ARM.Deploy.0 = Debug|ARM
		{53B186EC-90F6-4EF5-808F-3E585A6D5269}.Debug|ARM64.ActiveCfg = Debug|ARM64
		{53B186EC-90F6-4EF5-808F-3E585A6D5269}.Debug|ARM64.Build.0 = Debug|ARM64
		{53B186EC-90F6-4EF5-808F-3E585A6D5269}.Debug|ARM64.Deploy.0 = Debug|ARM64
		{53B186EC-90F6-4EF5-808F-3E585A6D5269}.Debug|x64.ActiveCfg = Debug|x64
		{53B186EC-90F6-4EF5-808F-3E585A6D5269}.Debug|x64.Build.0 = Debug|x64
		{53B186EC-90F6-4EF5-808F-3E585A6D5269}.Debug|x64.Deploy.0 = Debug|x64
		{53B186EC-90F6-4EF5-808F-3E585A6D5269}.Debug|x86.ActiveCfg = Debug|x86
		{53B186EC-90F6-4EF5-808F-3E585A6D5269}.Debug|x86.Build.0 = Debug|x86
		{53B186EC-90F6-4EF5-808F-3E585A6D5269}.Debug|x86.Deploy.0 = Debug|x86
		{53B186EC-90F6-4EF5-808F-3E585A6D5269}.Release|ARM.ActiveCfg = Release|ARM
		{53B186EC-90F6-4EF5-808F-3E585A6D5269}.Release|ARM.Build.0 = Release|ARM
		{53B186EC-90F6-4EF5-808F-3E585A6D5269}.Release|ARM.Deploy.0 = Release|ARM
		{53B186EC-90F6-4EF5-808F-3E585A6D5269}.Release|ARM64.ActiveCfg = Release|ARM64
		{53B186EC-90F6-4EF5-808F-3E585A6D5269}.Release|ARM64.Build.0 = Release|ARM64
		{53B186EC-90F6-4EF5-808F-3E585A6D5269}.Release|ARM64.Deploy.0 = Release|ARM64
		{53B186EC-90F6-4EF5-808F-3E585A6D5269}.Release|x64.ActiveCfg = Release|x64
		{53B186EC-90F6-4EF5-808F-3E585A6D5269}.Release|x64.Build.0 = Release|x64
		{53B186EC-90F6-4EF5-808F-3E585A6D5269}.Release|x64.Deploy.0 = Release|x64
		{53B186EC-90F6-4EF5-808F-3E585A6D5269}.Release|x86.ActiveCfg = Release|x86
		{53B186EC-90F6-4EF5-808F-3E585A6D5269}.Release|x86.Build.0 = Release|x86
		{53B186EC-90F6-4EF5-808F-3E585A6D5269}.Release|x86.Deploy.0 = Release|x86
	EndGlobalSection
	GlobalSection(SolutionProperties) = preSolution
		HideSolutionNode = FALSE
	EndGlobalSection
	GlobalSection(ExtensibilityGlobals) = postSolution
		SolutionGuid = {7E3FDBEC-80A9-4240-803C-6D4EB6D67A43}
	EndGlobalSection
EndGlobal
